
Microsoft Visual Studio Solution File, Format Version 12.00
# Visual Studio Version 17
VisualStudioVersion = 17.5.002.0
MinimumVisualStudioVersion = 10.0.40219.1
Project("{2150E333-8FDC-42A3-9474-1A3956D46DE8}") = "dnapp", "dnapp", "{238869B5-73D8-49F4-B3C3-16A4160EC828}"
EndProject
Project("{2150E333-8FDC-42A3-9474-1A3956D46DE8}") = "lambdas", "lambdas", "{718293DE-9018-45F1-A6DC-879BC8E64EB1}"
EndProject
Project("{9A19103F-16F7-4668-BE54-9A1E7A4F7556}") = "Function", "dnapp\lambdas\api_handler\Function.csproj", "{EE2C2DF8-6C72-4C5C-ADEB-07D13EA7007A}"
EndProject
Global
	GlobalSection(SolutionConfigurationPlatforms) = preSolution
		Debug|Any CPU = Debug|Any CPU
		Release|Any CPU = Release|Any CPU
	EndGlobalSection
	GlobalSection(ProjectConfigurationPlatforms) = postSolution
		{EE2C2DF8-6C72-4C5C-ADEB-07D13EA7007A}.Debug|Any CPU.ActiveCfg = Debug|Any CPU
		{EE2C2DF8-6C72-4C5C-ADEB-07D13EA7007A}.Debug|Any CPU.Build.0 = Debug|Any CPU
		{EE2C2DF8-6C72-4C5C-ADEB-07D13EA7007A}.Release|Any CPU.ActiveCfg = Release|Any CPU
		{EE2C2DF8-6C72-4C5C-ADEB-07D13EA7007A}.Release|Any CPU.Build.0 = Release|Any CPU
	EndGlobalSection
	GlobalSection(SolutionProperties) = preSolution
		HideSolutionNode = FALSE
	EndGlobalSection
	GlobalSection(NestedProjects) = preSolution
		{718293DE-9018-45F1-A6DC-879BC8E64EB1} = {238869B5-73D8-49F4-B3C3-16A4160EC828}
		{EE2C2DF8-6C72-4C5C-ADEB-07D13EA7007A} = {718293DE-9018-45F1-A6DC-879BC8E64EB1}
	EndGlobalSection
	GlobalSection(ExtensibilityGlobals) = postSolution
		SolutionGuid = {47CFF34F-8AD9-42A2-9EBC-EF7FEEB46B2D}
	EndGlobalSection
EndGlobal
